
Microsoft Visual Studio Solution File, Format Version 12.00
# Visual Studio Version 17
VisualStudioVersion = 17.14.36221.1 d17.14
MinimumVisualStudioVersion = 10.0.40219.1
Project("{54A90642-561A-4BB1-A94E-469ADEE60C69}") = "securewebsite.client", "securewebsite.client\securewebsite.client.esproj", "{2FF22DA6-E6ED-013F-BDA7-DDE96E99EAAF}"
EndProject
Project("{FAE04EC0-301F-11D3-BF4B-00C04F79EFBC}") = "SecureWebSite.Server", "SecureWebSite.Server\SecureWebSite.Server.csproj", "{9D2B6AA2-F76D-4371-B5B9-D320E2A813D2}"
EndProject
Global
	GlobalSection(SolutionConfigurationPlatforms) = preSolution
		Debug|Any CPU = Debug|Any CPU
		Release|Any CPU = Release|Any CPU
	EndGlobalSection
	GlobalSection(ProjectConfigurationPlatforms) = postSolution
		{2FF22DA6-E6ED-013F-BDA7-DDE96E99EAAF}.Debug|Any CPU.ActiveCfg = Debug|Any CPU
		{2FF22DA6-E6ED-013F-BDA7-DDE96E99EAAF}.Debug|Any CPU.Build.0 = Debug|Any CPU
		{2FF22DA6-E6ED-013F-BDA7-DDE96E99EAAF}.Debug|Any CPU.Deploy.0 = Debug|Any CPU
		{2FF22DA6-E6ED-013F-BDA7-DDE96E99EAAF}.Release|Any CPU.ActiveCfg = Release|Any CPU
		{2FF22DA6-E6ED-013F-BDA7-DDE96E99EAAF}.Release|Any CPU.Build.0 = Release|Any CPU
		{2FF22DA6-E6ED-013F-BDA7-DDE96E99EAAF}.Release|Any CPU.Deploy.0 = Release|Any CPU
		{9D2B6AA2-F76D-4371-B5B9-D320E2A813D2}.Debug|Any CPU.ActiveCfg = Debug|Any CPU
		{9D2B6AA2-F76D-4371-B5B9-D320E2A813D2}.Debug|Any CPU.Build.0 = Debug|Any CPU
		{9D2B6AA2-F76D-4371-B5B9-D320E2A813D2}.Release|Any CPU.ActiveCfg = Release|Any CPU
		{9D2B6AA2-F76D-4371-B5B9-D320E2A813D2}.Release|Any CPU.Build.0 = Release|Any CPU
	EndGlobalSection
	GlobalSection(SolutionProperties) = preSolution
		HideSolutionNode = FALSE
	EndGlobalSection
	GlobalSection(ExtensibilityGlobals) = postSolution
		SolutionGuid = {CF8EEA57-B147-4F7D-956A-3C90AEA734C0}
	EndGlobalSection
EndGlobal
